
Microsoft Visual Studio Solution File, Format Version 12.00
# Visual Studio Version 17
VisualStudioVersion = 17.11.35208.52
MinimumVisualStudioVersion = 10.0.40219.1
Project("{FAE04EC0-301F-11D3-BF4B-00C04F79EFBC}") = "UrlShorteningService", "UrlShorteningService.csproj", "{EE6E3F32-203E-4466-BBBA-11BF8DD4F75C}"
EndProject
Global
	GlobalSection(SolutionConfigurationPlatforms) = preSolution
		Debug|Any CPU = Debug|Any CPU
		Release|Any CPU = Release|Any CPU
	EndGlobalSection
	GlobalSection(ProjectConfigurationPlatforms) = postSolution
		{EE6E3F32-203E-4466-BBBA-11BF8DD4F75C}.Debug|Any CPU.ActiveCfg = Debug|Any CPU
		{EE6E3F32-203E-4466-BBBA-11BF8DD4F75C}.Debug|Any CPU.Build.0 = Debug|Any CPU
		{EE6E3F32-203E-4466-BBBA-11BF8DD4F75C}.Release|Any CPU.ActiveCfg = Release|Any CPU
		{EE6E3F32-203E-4466-BBBA-11BF8DD4F75C}.Release|Any CPU.Build.0 = Release|Any CPU
	EndGlobalSection
	GlobalSection(SolutionProperties) = preSolution
		HideSolutionNode = FALSE
	EndGlobalSection
	GlobalSection(ExtensibilityGlobals) = postSolution
		SolutionGuid = {6DB48D4D-2A59-4C76-A8EB-F4AB0C369C9F}
	EndGlobalSection
EndGlobal
